// !$*UTF8*$!
{
	archiveVersion = 1;
	classes = {
	};
	objectVersion = 46;
	objects = {

/* Begin PBXBuildFile section */
		4E1257231B16FCE9007D5BE2 /* AppDelegate.swift in Sources */ = {isa = PBXBuildFile; fileRef = 4E1257221B16FCE9007D5BE2 /* AppDelegate.swift */; };
		4E1257281B16FCE9007D5BE2 /* Main.storyboard in Resources */ = {isa = PBXBuildFile; fileRef = 4E1257261B16FCE9007D5BE2 /* Main.storyboard */; };
		4E12572A1B16FCE9007D5BE2 /* Images.xcassets in Resources */ = {isa = PBXBuildFile; fileRef = 4E1257291B16FCE9007D5BE2 /* Images.xcassets */; };
		4E1257391B16FCE9007D5BE2 /* iOS_Sounds_and_RingtonesTests.swift in Sources */ = {isa = PBXBuildFile; fileRef = 4E1257381B16FCE9007D5BE2 /* iOS_Sounds_and_RingtonesTests.swift */; };
		4E1257451B16FDBD007D5BE2 /* RootTableViewController.swift in Sources */ = {isa = PBXBuildFile; fileRef = 4E1257431B16FDBD007D5BE2 /* RootTableViewController.swift */; };
		4E43CB5C1DB2D0070067A8DF /* SoundTableViewCell.swift in Sources */ = {isa = PBXBuildFile; fileRef = 4E43CB5B1DB2D0070067A8DF /* SoundTableViewCell.swift */; };
		4E43CB5E1DB2DA2E0067A8DF /* LaunchScreen.storyboard in Resources */ = {isa = PBXBuildFile; fileRef = 4E43CB5D1DB2DA2E0067A8DF /* LaunchScreen.storyboard */; };
		4E4437861CAD78D900381FC9 /* AppController.swift in Sources */ = {isa = PBXBuildFile; fileRef = 4E4437851CAD78D900381FC9 /* AppController.swift */; };
		4E7CA3E51DB2DC650035FBB3 /* DirectoriesTableViewController.swift in Sources */ = {isa = PBXBuildFile; fileRef = 4E7CA3E41DB2DC650035FBB3 /* DirectoriesTableViewController.swift */; };
		4E7CA3E71DB2DC760035FBB3 /* FilesTableViewController.swift in Sources */ = {isa = PBXBuildFile; fileRef = 4E7CA3E61DB2DC760035FBB3 /* FilesTableViewController.swift */; };
		4E85AFF71BA90296006203EF /* LICENSE in Resources */ = {isa = PBXBuildFile; fileRef = 4E85AFF61BA90296006203EF /* LICENSE */; };
/* End PBXBuildFile section */

/* Begin PBXContainerItemProxy section */
		4E1257331B16FCE9007D5BE2 /* PBXContainerItemProxy */ = {
			isa = PBXContainerItemProxy;
			containerPortal = 4E1257151B16FCE9007D5BE2 /* Project object */;
			proxyType = 1;
			remoteGlobalIDString = 4E12571C1B16FCE9007D5BE2;
			remoteInfo = "iOS Sounds and Ringtones";
		};
/* End PBXContainerItemProxy section */

/* Begin PBXFileReference section */
		4E12571D1B16FCE9007D5BE2 /* iOS Sounds and Ringtones.app */ = {isa = PBXFileReference; explicitFileType = wrapper.application; includeInIndex = 0; path = "iOS Sounds and Ringtones.app"; sourceTree = BUILT_PRODUCTS_DIR; };
		4E1257211B16FCE9007D5BE2 /* Info.plist */ = {isa = PBXFileReference; lastKnownFileType = text.plist.xml; path = Info.plist; sourceTree = "<group>"; };
		4E1257221B16FCE9007D5BE2 /* AppDelegate.swift */ = {isa = PBXFileReference; lastKnownFileType = sourcecode.swift; path = AppDelegate.swift; sourceTree = "<group>"; };
		4E1257271B16FCE9007D5BE2 /* Base */ = {isa = PBXFileReference; lastKnownFileType = file.storyboard; name = Base; path = Base.lproj/Main.storyboard; sourceTree = "<group>"; };
		4E1257291B16FCE9007D5BE2 /* Images.xcassets */ = {isa = PBXFileReference; lastKnownFileType = folder.assetcatalog; path = Images.xcassets; sourceTree = "<group>"; };
		4E1257321B16FCE9007D5BE2 /* iOS Sounds and RingtonesTests.xctest */ = {isa = PBXFileReference; explicitFileType = wrapper.cfbundle; includeInIndex = 0; path = "iOS Sounds and RingtonesTests.xctest"; sourceTree = BUILT_PRODUCTS_DIR; };
		4E1257371B16FCE9007D5BE2 /* Info.plist */ = {isa = PBXFileReference; lastKnownFileType = text.plist.xml; path = Info.plist; sourceTree = "<group>"; };
		4E1257381B16FCE9007D5BE2 /* iOS_Sounds_and_RingtonesTests.swift */ = {isa = PBXFileReference; lastKnownFileType = sourcecode.swift; path = iOS_Sounds_and_RingtonesTests.swift; sourceTree = "<group>"; };
		4E1257431B16FDBD007D5BE2 /* RootTableViewController.swift */ = {isa = PBXFileReference; fileEncoding = 4; lastKnownFileType = sourcecode.swift; path = RootTableViewController.swift; sourceTree = "<group>"; };
		4E1257461B16FE0C007D5BE2 /* README.md */ = {isa = PBXFileReference; fileEncoding = 4; lastKnownFileType = net.daringfireball.markdown; path = README.md; sourceTree = "<group>"; };
		4E43CB5B1DB2D0070067A8DF /* SoundTableViewCell.swift */ = {isa = PBXFileReference; fileEncoding = 4; lastKnownFileType = sourcecode.swift; path = SoundTableViewCell.swift; sourceTree = "<group>"; };
		4E43CB5D1DB2DA2E0067A8DF /* LaunchScreen.storyboard */ = {isa = PBXFileReference; fileEncoding = 4; lastKnownFileType = file.storyboard; path = LaunchScreen.storyboard; sourceTree = "<group>"; };
		4E4437851CAD78D900381FC9 /* AppController.swift */ = {isa = PBXFileReference; fileEncoding = 4; lastKnownFileType = sourcecode.swift; path = AppController.swift; sourceTree = "<group>"; };
		4E7CA3E41DB2DC650035FBB3 /* DirectoriesTableViewController.swift */ = {isa = PBXFileReference; fileEncoding = 4; lastKnownFileType = sourcecode.swift; path = DirectoriesTableViewController.swift; sourceTree = "<group>"; };
		4E7CA3E61DB2DC760035FBB3 /* FilesTableViewController.swift */ = {isa = PBXFileReference; fileEncoding = 4; lastKnownFileType = sourcecode.swift; path = FilesTableViewController.swift; sourceTree = "<group>"; };
		4E85AFF61BA90296006203EF /* LICENSE */ = {isa = PBXFileReference; fileEncoding = 4; lastKnownFileType = text; path = LICENSE; sourceTree = "<group>"; };
/* End PBXFileReference section */

/* Begin PBXFrameworksBuildPhase section */
		4E12571A1B16FCE9007D5BE2 /* Frameworks */ = {
			isa = PBXFrameworksBuildPhase;
			buildActionMask = 2147483647;
			files = (
			);
			runOnlyForDeploymentPostprocessing = 0;
		};
		4E12572F1B16FCE9007D5BE2 /* Frameworks */ = {
			isa = PBXFrameworksBuildPhase;
			buildActionMask = 2147483647;
			files = (
			);
			runOnlyForDeploymentPostprocessing = 0;
		};
/* End PBXFrameworksBuildPhase section */

/* Begin PBXGroup section */
		4E1257141B16FCE9007D5BE2 = {
			isa = PBXGroup;
			children = (
				4E85AFF61BA90296006203EF /* LICENSE */,
				4E1257461B16FE0C007D5BE2 /* README.md */,
				4E12571F1B16FCE9007D5BE2 /* iOS Sounds and Ringtones */,
				4E1257351B16FCE9007D5BE2 /* iOS Sounds and RingtonesTests */,
				4E12571E1B16FCE9007D5BE2 /* Products */,
			);
			sourceTree = "<group>";
		};
		4E12571E1B16FCE9007D5BE2 /* Products */ = {
			isa = PBXGroup;
			children = (
				4E12571D1B16FCE9007D5BE2 /* iOS Sounds and Ringtones.app */,
				4E1257321B16FCE9007D5BE2 /* iOS Sounds and RingtonesTests.xctest */,
			);
			name = Products;
			sourceTree = "<group>";
		};
		4E12571F1B16FCE9007D5BE2 /* iOS Sounds and Ringtones */ = {
			isa = PBXGroup;
			children = (
				4E1257261B16FCE9007D5BE2 /* Main.storyboard */,
				4E1257221B16FCE9007D5BE2 /* AppDelegate.swift */,
				4E4437851CAD78D900381FC9 /* AppController.swift */,
				4E1257431B16FDBD007D5BE2 /* RootTableViewController.swift */,
				4E7CA3E41DB2DC650035FBB3 /* DirectoriesTableViewController.swift */,
				4E7CA3E61DB2DC760035FBB3 /* FilesTableViewController.swift */,
				4E43CB5B1DB2D0070067A8DF /* SoundTableViewCell.swift */,
				4E43CB5D1DB2DA2E0067A8DF /* LaunchScreen.storyboard */,
				4E1257291B16FCE9007D5BE2 /* Images.xcassets */,
				4E1257201B16FCE9007D5BE2 /* Supporting Files */,
			);
			path = "iOS Sounds and Ringtones";
			sourceTree = "<group>";
		};
		4E1257201B16FCE9007D5BE2 /* Supporting Files */ = {
			isa = PBXGroup;
			children = (
				4E1257211B16FCE9007D5BE2 /* Info.plist */,
			);
			name = "Supporting Files";
			sourceTree = "<group>";
		};
		4E1257351B16FCE9007D5BE2 /* iOS Sounds and RingtonesTests */ = {
			isa = PBXGroup;
			children = (
				4E1257381B16FCE9007D5BE2 /* iOS_Sounds_and_RingtonesTests.swift */,
				4E1257361B16FCE9007D5BE2 /* Supporting Files */,
			);
			path = "iOS Sounds and RingtonesTests";
			sourceTree = "<group>";
		};
		4E1257361B16FCE9007D5BE2 /* Supporting Files */ = {
			isa = PBXGroup;
			children = (
				4E1257371B16FCE9007D5BE2 /* Info.plist */,
			);
			name = "Supporting Files";
			sourceTree = "<group>";
		};
/* End PBXGroup section */

/* Begin PBXNativeTarget section */
		4E12571C1B16FCE9007D5BE2 /* iOS Sounds and Ringtones */ = {
			isa = PBXNativeTarget;
			buildConfigurationList = 4E12573C1B16FCE9007D5BE2 /* Build configuration list for PBXNativeTarget "iOS Sounds and Ringtones" */;
			buildPhases = (
				4E1257191B16FCE9007D5BE2 /* Sources */,
				4E12571A1B16FCE9007D5BE2 /* Frameworks */,
				4E12571B1B16FCE9007D5BE2 /* Resources */,
			);
			buildRules = (
			);
			dependencies = (
			);
			name = "iOS Sounds and Ringtones";
			productName = "iOS Sounds and Ringtones";
			productReference = 4E12571D1B16FCE9007D5BE2 /* iOS Sounds and Ringtones.app */;
			productType = "com.apple.product-type.application";
		};
		4E1257311B16FCE9007D5BE2 /* iOS Sounds and RingtonesTests */ = {
			isa = PBXNativeTarget;
			buildConfigurationList = 4E12573F1B16FCE9007D5BE2 /* Build configuration list for PBXNativeTarget "iOS Sounds and RingtonesTests" */;
			buildPhases = (
				4E12572E1B16FCE9007D5BE2 /* Sources */,
				4E12572F1B16FCE9007D5BE2 /* Frameworks */,
				4E1257301B16FCE9007D5BE2 /* Resources */,
			);
			buildRules = (
			);
			dependencies = (
				4E1257341B16FCE9007D5BE2 /* PBXTargetDependency */,
			);
			name = "iOS Sounds and RingtonesTests";
			productName = "iOS Sounds and RingtonesTests";
			productReference = 4E1257321B16FCE9007D5BE2 /* iOS Sounds and RingtonesTests.xctest */;
			productType = "com.apple.product-type.bundle.unit-test";
		};
/* End PBXNativeTarget section */

/* Begin PBXProject section */
		4E1257151B16FCE9007D5BE2 /* Project object */ = {
			isa = PBXProject;
			attributes = {
				LastSwiftMigration = 0700;
				LastSwiftUpdateCheck = 0700;
				LastUpgradeCheck = 0930;
				ORGANIZATIONNAME = "Carleton Hall";
				TargetAttributes = {
					4E12571C1B16FCE9007D5BE2 = {
						CreatedOnToolsVersion = 6.3.2;
						DevelopmentTeam = 6L8KBL2A7Q;
						LastSwiftMigration = 0920;
					};
					4E1257311B16FCE9007D5BE2 = {
						CreatedOnToolsVersion = 6.3.2;
						DevelopmentTeam = 6L8KBL2A7Q;
						LastSwiftMigration = 0920;
						TestTargetID = 4E12571C1B16FCE9007D5BE2;
					};
				};
			};
			buildConfigurationList = 4E1257181B16FCE9007D5BE2 /* Build configuration list for PBXProject "iOS Sounds and Ringtones" */;
			compatibilityVersion = "Xcode 3.2";
			developmentRegion = English;
			hasScannedForEncodings = 0;
			knownRegions = (
				en,
				Base,
			);
			mainGroup = 4E1257141B16FCE9007D5BE2;
			productRefGroup = 4E12571E1B16FCE9007D5BE2 /* Products */;
			projectDirPath = "";
			projectRoot = "";
			targets = (
				4E12571C1B16FCE9007D5BE2 /* iOS Sounds and Ringtones */,
				4E1257311B16FCE9007D5BE2 /* iOS Sounds and RingtonesTests */,
			);
		};
/* End PBXProject section */

/* Begin PBXResourcesBuildPhase section */
		4E12571B1B16FCE9007D5BE2 /* Resources */ = {
			isa = PBXResourcesBuildPhase;
			buildActionMask = 2147483647;
			files = (
				4E1257281B16FCE9007D5BE2 /* Main.storyboard in Resources */,
				4E85AFF71BA90296006203EF /* LICENSE in Resources */,
				4E43CB5E1DB2DA2E0067A8DF /* LaunchScreen.storyboard in Resources */,
				4E12572A1B16FCE9007D5BE2 /* Images.xcassets in Resources */,
			);
			runOnlyForDeploymentPostprocessing = 0;
		};
		4E1257301B16FCE9007D5BE2 /* Resources */ = {
			isa = PBXResourcesBuildPhase;
			buildActionMask = 2147483647;
			files = (
			);
			runOnlyForDeploymentPostprocessing = 0;
		};
/* End PBXResourcesBuildPhase section */

/* Begin PBXSourcesBuildPhase section */
		4E1257191B16FCE9007D5BE2 /* Sources */ = {
			isa = PBXSourcesBuildPhase;
			buildActionMask = 2147483647;
			files = (
				4E43CB5C1DB2D0070067A8DF /* SoundTableViewCell.swift in Sources */,
				4E4437861CAD78D900381FC9 /* AppController.swift in Sources */,
				4E1257231B16FCE9007D5BE2 /* AppDelegate.swift in Sources */,
				4E1257451B16FDBD007D5BE2 /* RootTableViewController.swift in Sources */,
				4E7CA3E51DB2DC650035FBB3 /* DirectoriesTableViewController.swift in Sources */,
				4E7CA3E71DB2DC760035FBB3 /* FilesTableViewController.swift in Sources */,
			);
			runOnlyForDeploymentPostprocessing = 0;
		};
		4E12572E1B16FCE9007D5BE2 /* Sources */ = {
			isa = PBXSourcesBuildPhase;
			buildActionMask = 2147483647;
			files = (
				4E1257391B16FCE9007D5BE2 /* iOS_Sounds_and_RingtonesTests.swift in Sources */,
			);
			runOnlyForDeploymentPostprocessing = 0;
		};
/* End PBXSourcesBuildPhase section */

/* Begin PBXTargetDependency section */
		4E1257341B16FCE9007D5BE2 /* PBXTargetDependency */ = {
			isa = PBXTargetDependency;
			target = 4E12571C1B16FCE9007D5BE2 /* iOS Sounds and Ringtones */;
			targetProxy = 4E1257331B16FCE9007D5BE2 /* PBXContainerItemProxy */;
		};
/* End PBXTargetDependency section */

/* Begin PBXVariantGroup section */
		4E1257261B16FCE9007D5BE2 /* Main.storyboard */ = {
			isa = PBXVariantGroup;
			children = (
				4E1257271B16FCE9007D5BE2 /* Base */,
			);
			name = Main.storyboard;
			sourceTree = "<group>";
		};
/* End PBXVariantGroup section */

/* Begin XCBuildConfiguration section */
		4E12573A1B16FCE9007D5BE2 /* Debug */ = {
			isa = XCBuildConfiguration;
			buildSettings = {
				ALWAYS_SEARCH_USER_PATHS = NO;
				CLANG_CXX_LANGUAGE_STANDARD = "gnu++0x";
				CLANG_CXX_LIBRARY = "libc++";
				CLANG_ENABLE_MODULES = YES;
				CLANG_ENABLE_OBJC_ARC = YES;
				CLANG_WARN_BLOCK_CAPTURE_AUTORELEASING = YES;
				CLANG_WARN_BOOL_CONVERSION = YES;
				CLANG_WARN_COMMA = YES;
				CLANG_WARN_CONSTANT_CONVERSION = YES;
				CLANG_WARN_DEPRECATED_OBJC_IMPLEMENTATIONS = YES;
				CLANG_WARN_DIRECT_OBJC_ISA_USAGE = YES_ERROR;
				CLANG_WARN_EMPTY_BODY = YES;
				CLANG_WARN_ENUM_CONVERSION = YES;
				CLANG_WARN_INFINITE_RECURSION = YES;
				CLANG_WARN_INT_CONVERSION = YES;
				CLANG_WARN_NON_LITERAL_NULL_CONVERSION = YES;
				CLANG_WARN_OBJC_IMPLICIT_RETAIN_SELF = YES;
				CLANG_WARN_OBJC_LITERAL_CONVERSION = YES;
				CLANG_WARN_OBJC_ROOT_CLASS = YES_ERROR;
				CLANG_WARN_RANGE_LOOP_ANALYSIS = YES;
				CLANG_WARN_STRICT_PROTOTYPES = YES;
				CLANG_WARN_SUSPICIOUS_MOVE = YES;
				CLANG_WARN_UNREACHABLE_CODE = YES;
				CLANG_WARN__DUPLICATE_METHOD_MATCH = YES;
				"CODE_SIGN_IDENTITY[sdk=iphoneos*]" = "iPhone Developer";
				COPY_PHASE_STRIP = NO;
				DEBUG_INFORMATION_FORMAT = "dwarf-with-dsym";
				ENABLE_STRICT_OBJC_MSGSEND = YES;
				ENABLE_TESTABILITY = YES;
				GCC_C_LANGUAGE_STANDARD = gnu99;
				GCC_DYNAMIC_NO_PIC = NO;
				GCC_NO_COMMON_BLOCKS = YES;
				GCC_OPTIMIZATION_LEVEL = 0;
				GCC_PREPROCESSOR_DEFINITIONS = (
					"DEBUG=1",
					"$(inherited)",
				);
				GCC_SYMBOLS_PRIVATE_EXTERN = NO;
				GCC_WARN_64_TO_32_BIT_CONVERSION = YES;
				GCC_WARN_ABOUT_RETURN_TYPE = YES_ERROR;
				GCC_WARN_UNDECLARED_SELECTOR = YES;
				GCC_WARN_UNINITIALIZED_AUTOS = YES_AGGRESSIVE;
				GCC_WARN_UNUSED_FUNCTION = YES;
				GCC_WARN_UNUSED_VARIABLE = YES;
				IPHONEOS_DEPLOYMENT_TARGET = 10.0;
				MTL_ENABLE_DEBUG_INFO = YES;
				ONLY_ACTIVE_ARCH = YES;
				SDKROOT = iphoneos;
				SWIFT_OPTIMIZATION_LEVEL = "-Onone";
			};
			name = Debug;
		};
		4E12573B1B16FCE9007D5BE2 /* Release */ = {
			isa = XCBuildConfiguration;
			buildSettings = {
				ALWAYS_SEARCH_USER_PATHS = NO;
				CLANG_CXX_LANGUAGE_STANDARD = "gnu++0x";
				CLANG_CXX_LIBRARY = "libc++";
				CLANG_ENABLE_MODULES = YES;
				CLANG_ENABLE_OBJC_ARC = YES;
				CLANG_WARN_BLOCK_CAPTURE_AUTORELEASING = YES;
				CLANG_WARN_BOOL_CONVERSION = YES;
				CLANG_WARN_COMMA = YES;
				CLANG_WARN_CONSTANT_CONVERSION = YES;
				CLANG_WARN_DEPRECATED_OBJC_IMPLEMENTATIONS = YES;
				CLANG_WARN_DIRECT_OBJC_ISA_USAGE = YES_ERROR;
				CLANG_WARN_EMPTY_BODY = YES;
				CLANG_WARN_ENUM_CONVERSION = YES;
				CLANG_WARN_INFINITE_RECURSION = YES;
				CLANG_WARN_INT_CONVERSION = YES;
				CLANG_WARN_NON_LITERAL_NULL_CONVERSION = YES;
				CLANG_WARN_OBJC_IMPLICIT_RETAIN_SELF = YES;
				CLANG_WARN_OBJC_LITERAL_CONVERSION = YES;
				CLANG_WARN_OBJC_ROOT_CLASS = YES_ERROR;
				CLANG_WARN_RANGE_LOOP_ANALYSIS = YES;
				CLANG_WARN_STRICT_PROTOTYPES = YES;
				CLANG_WARN_SUSPICIOUS_MOVE = YES;
				CLANG_WARN_UNREACHABLE_CODE = YES;
				CLANG_WARN__DUPLICATE_METHOD_MATCH = YES;
				"CODE_SIGN_IDENTITY[sdk=iphoneos*]" = "iPhone Developer";
				COPY_PHASE_STRIP = NO;
				DEBUG_INFORMATION_FORMAT = "dwarf-with-dsym";
				ENABLE_NS_ASSERTIONS = NO;
				ENABLE_STRICT_OBJC_MSGSEND = YES;
				GCC_C_LANGUAGE_STANDARD = gnu99;
				GCC_NO_COMMON_BLOCKS = YES;
				GCC_WARN_64_TO_32_BIT_CONVERSION = YES;
				GCC_WARN_ABOUT_RETURN_TYPE = YES_ERROR;
				GCC_WARN_UNDECLARED_SELECTOR = YES;
				GCC_WARN_UNINITIALIZED_AUTOS = YES_AGGRESSIVE;
				GCC_WARN_UNUSED_FUNCTION = YES;
				GCC_WARN_UNUSED_VARIABLE = YES;
				IPHONEOS_DEPLOYMENT_TARGET = 10.0;
				MTL_ENABLE_DEBUG_INFO = NO;
				SDKROOT = iphoneos;
				SWIFT_OPTIMIZATION_LEVEL = "-Owholemodule";
				VALIDATE_PRODUCT = YES;
			};
			name = Release;
		};
		4E12573D1B16FCE9007D5BE2 /* Debug */ = {
			isa = XCBuildConfiguration;
			buildSettings = {
				ASSETCATALOG_COMPILER_APPICON_NAME = AppIcon;
				CODE_SIGN_IDENTITY = "iPhone Developer";
				DEBUG_INFORMATION_FORMAT = dwarf;
				DEVELOPMENT_TEAM = 6L8KBL2A7Q;
				GCC_SYMBOLS_PRIVATE_EXTERN = YES;
				INFOPLIST_FILE = "iOS Sounds and Ringtones/Info.plist";
				IPHONEOS_DEPLOYMENT_TARGET = 8.0;
				LD_RUNPATH_SEARCH_PATHS = "$(inherited) @executable_path/Frameworks";
				PRODUCT_BUNDLE_IDENTIFIER = "com.Daniel-Illescas.iOS-Sounds-and-Ringtones";
				PRODUCT_NAME = "$(TARGET_NAME)";
				SWIFT_SWIFT3_OBJC_INFERENCE = Default;
				SWIFT_VERSION = 4.0;
				TARGETED_DEVICE_FAMILY = "1,2";
			};
			name = Debug;
		};
		4E12573E1B16FCE9007D5BE2 /* Release */ = {
			isa = XCBuildConfiguration;
			buildSettings = {
				ASSETCATALOG_COMPILER_APPICON_NAME = AppIcon;
				CODE_SIGN_IDENTITY = "iPhone Developer";
				DEVELOPMENT_TEAM = 6L8KBL2A7Q;
				INFOPLIST_FILE = "iOS Sounds and Ringtones/Info.plist";
				IPHONEOS_DEPLOYMENT_TARGET = 8.0;
				LD_RUNPATH_SEARCH_PATHS = "$(inherited) @executable_path/Frameworks";
				PRODUCT_BUNDLE_IDENTIFIER = "com.Daniel-Illescas.iOS-Sounds-and-Ringtones";
				PRODUCT_NAME = "$(TARGET_NAME)";
				SWIFT_SWIFT3_OBJC_INFERENCE = Default;
				SWIFT_VERSION = 4.0;
				TARGETED_DEVICE_FAMILY = "1,2";
			};
			name = Release;
		};
		4E1257401B16FCE9007D5BE2 /* Debug */ = {
			isa = XCBuildConfiguration;
			buildSettings = {
				BUNDLE_LOADER = "$(TEST_HOST)";
				DEVELOPMENT_TEAM = 6L8KBL2A7Q;
				FRAMEWORK_SEARCH_PATHS = "";
				GCC_PREPROCESSOR_DEFINITIONS = (
					"DEBUG=1",
					"$(inherited)",
				);
				INFOPLIST_FILE = "iOS Sounds and RingtonesTests/Info.plist";
				LD_RUNPATH_SEARCH_PATHS = "$(inherited) @executable_path/Frameworks @loader_path/Frameworks";
				PRODUCT_BUNDLE_IDENTIFIER = "com.carletonhall.$(PRODUCT_NAME:rfc1034identifier)";
				PRODUCT_NAME = "$(TARGET_NAME)";
				SWIFT_SWIFT3_OBJC_INFERENCE = Default;
				SWIFT_VERSION = 4.0;
				TEST_HOST = "$(BUILT_PRODUCTS_DIR)/iOS Sounds and Ringtones.app/iOS Sounds and Ringtones";
			};
			name = Debug;
		};
		4E1257411B16FCE9007D5BE2 /* Release */ = {
			isa = XCBuildConfiguration;
			buildSettings = {
				BUNDLE_LOADER = "$(TEST_HOST)";
				DEVELOPMENT_TEAM = 6L8KBL2A7Q;
				FRAMEWORK_SEARCH_PATHS = "";
				INFOPLIST_FILE = "iOS Sounds and RingtonesTests/Info.plist";
				LD_RUNPATH_SEARCH_PATHS = "$(inherited) @executable_path/Frameworks @loader_path/Frameworks";
				PRODUCT_BUNDLE_IDENTIFIER = "com.carletonhall.$(PRODUCT_NAME:rfc1034identifier)";
				PRODUCT_NAME = "$(TARGET_NAME)";
				SWIFT_SWIFT3_OBJC_INFERENCE = Default;
				SWIFT_VERSION = 4.0;
				TEST_HOST = "$(BUILT_PRODUCTS_DIR)/iOS Sounds and Ringtones.app/iOS Sounds and Ringtones";
			};
			name = Release;
		};
/* End XCBuildConfiguration section */

/* Begin XCConfigurationList section */
		4E1257181B16FCE9007D5BE2 /* Build configuration list for PBXProject "iOS Sounds and Ringtones" */ = {
			isa = XCConfigurationList;
			buildConfigurations = (
				4E12573A1B16FCE9007D5BE2 /* Debug */,
				4E12573B1B16FCE9007D5BE2 /* Release */,
			);
			defaultConfigurationIsVisible = 0;
			defaultConfigurationName = Release;
		};
		4E12573C1B16FCE9007D5BE2 /* Build configuration list for PBXNativeTarget "iOS Sounds and Ringtones" */ = {
			isa = XCConfigurationList;
			buildConfigurations = (
				4E12573D1B16FCE9007D5BE2 /* Debug */,
				4E12573E1B16FCE9007D5BE2 /* Release */,
			);
			defaultConfigurationIsVisible = 0;
			defaultConfigurationName = Release;
		};
		4E12573F1B16FCE9007D5BE2 /* Build configuration list for PBXNativeTarget "iOS Sounds and RingtonesTests" */ = {
			isa = XCConfigurationList;
			buildConfigurations = (
				4E1257401B16FCE9007D5BE2 /* Debug */,
				4E1257411B16FCE9007D5BE2 /* Release */,
			);
			defaultConfigurationIsVisible = 0;
			defaultConfigurationName = Release;
		};
/* End XCConfigurationList section */
	};
	rootObject = 4E1257151B16FCE9007D5BE2 /* Project object */;
}
